
Microsoft Visual Studio Solution File, Format Version 12.00
# Visual Studio Version 16
VisualStudioVersion = 16.0.34931.43
MinimumVisualStudioVersion = 10.0.40219.1
Project("{FAE04EC0-301F-11D3-BF4B-00C04F79EFBC}") = "ejempl02", "ejempl02\ejempl02.csproj", "{399A458E-9E8C-4BD3-9C1E-9E637544706F}"
EndProject
Global
	GlobalSection(SolutionConfigurationPlatforms) = preSolution
		Debug|Any CPU = Debug|Any CPU
		Release|Any CPU = Release|Any CPU
	EndGlobalSection
	GlobalSection(ProjectConfigurationPlatforms) = postSolution
		{399A458E-9E8C-4BD3-9C1E-9E637544706F}.Debug|Any CPU.ActiveCfg = Debug|Any CPU
		{399A458E-9E8C-4BD3-9C1E-9E637544706F}.Debug|Any CPU.Build.0 = Debug|Any CPU
		{399A458E-9E8C-4BD3-9C1E-9E637544706F}.Release|Any CPU.ActiveCfg = Release|Any CPU
		{399A458E-9E8C-4BD3-9C1E-9E637544706F}.Release|Any CPU.Build.0 = Release|Any CPU
	EndGlobalSection
	GlobalSection(SolutionProperties) = preSolution
		HideSolutionNode = FALSE
	EndGlobalSection
	GlobalSection(ExtensibilityGlobals) = postSolution
		SolutionGuid = {86020B82-C3A8-43AD-90E7-67C9F8A67610}
	EndGlobalSection
EndGlobal
